
Microsoft Visual Studio Solution File, Format Version 12.00
# Visual Studio Version 16
VisualStudioVersion = 16.0.31205.134
MinimumVisualStudioVersion = 10.0.40219.1
Project("{FAE04EC0-301F-11D3-BF4B-00C04F79EFBC}") = "StoreCheckoutBot", "StoreCheckoutBot\StoreCheckoutBot.csproj", "{841A1F2C-3090-4518-800D-366FEC1B48B4}"
EndProject
Global
	GlobalSection(SolutionConfigurationPlatforms) = preSolution
		Debug|Any CPU = Debug|Any CPU
		Release|Any CPU = Release|Any CPU
	EndGlobalSection
	GlobalSection(ProjectConfigurationPlatforms) = postSolution
		{841A1F2C-3090-4518-800D-366FEC1B48B4}.Debug|Any CPU.ActiveCfg = Debug|Any CPU
		{841A1F2C-3090-4518-800D-366FEC1B48B4}.Debug|Any CPU.Build.0 = Debug|Any CPU
		{841A1F2C-3090-4518-800D-366FEC1B48B4}.Release|Any CPU.ActiveCfg = Release|Any CPU
		{841A1F2C-3090-4518-800D-366FEC1B48B4}.Release|Any CPU.Build.0 = Release|Any CPU
	EndGlobalSection
	GlobalSection(SolutionProperties) = preSolution
		HideSolutionNode = FALSE
	EndGlobalSection
	GlobalSection(ExtensibilityGlobals) = postSolution
		SolutionGuid = {0BC39CE7-974C-4E59-994F-3DF33952853F}
	EndGlobalSection
EndGlobal
